PODS:
  - cloud_firestore (4.7.1):
    - Firebase/CoreOnly (~> 10.9.0)
    - Firebase/Firestore (~> 10.9.0)
    - firebase_core
    - FlutterMacOS
    - nanopb (< 2.30910.0, >= 2.30908.0)
  - desktop_webview_auth (0.0.1):
    - FlutterMacOS
  - Firebase/Auth (10.9.0):
    - Firebase/CoreOnly
    - FirebaseAuth (~> 10.9.0)
  - Firebase/CoreOnly (10.9.0):
    - FirebaseCore (= 10.9.0)
  - Firebase/Firestore (10.9.0):
    - Firebase/CoreOnly
    - FirebaseFirestore (~> 10.9.0)
  - firebase_auth (4.6.1):
    - Firebase/Auth (~> 10.9.0)
    - Firebase/CoreOnly (~> 10.9.0)
    - firebase_core
    - FlutterMacOS
  - firebase_core (2.13.0):
    - Firebase/CoreOnly (~> 10.9.0)
    - FlutterMacOS
  - FirebaseAppCheckInterop (10.9.0)
  - FirebaseAuth (10.9.0):
    - FirebaseAppCheckInterop (~> 10.0)
    - FirebaseCore (~> 10.0)
    - GoogleUtilities/AppDelegateSwizzler (~> 7.8)
    - GoogleUtilities/Environment (~> 7.8)
    - GTMSessionFetcher/Core (< 4.0, >= 2.1)
  - FirebaseCore (10.9.0):
    - FirebaseCoreInternal (~> 10.0)
    - GoogleUtilities/Environment (~> 7.8)
    - GoogleUtilities/Logger (~> 7.8)
  - FirebaseCoreInternal (10.9.0):
    - "GoogleUtilities/NSData+zlib (~> 7.8)"
  - FirebaseFirestore (10.9.0):
    - FirebaseFirestore/AutodetectLeveldb (= 10.9.0)
  - FirebaseFirestore/AutodetectLeveldb (10.9.0):
    - FirebaseFirestore/Base
    - FirebaseFirestore/WithLeveldb
  - FirebaseFirestore/Base (10.9.0)
  - FirebaseFirestore/WithLeveldb (10.9.0):
    - FirebaseFirestore/Base
  - FlutterMacOS (1.0.0)
  - GoogleUtilities/AppDelegateSwizzler (7.11.1):
    - GoogleUtilities/Environment
    - GoogleUtilities/Logger
    - GoogleUtilities/Network
  - GoogleUtilities/Environment (7.11.1):
    - PromisesObjC (< 3.0, >= 1.2)
  - GoogleUtilities/Logger (7.11.1):
    - GoogleUtilities/Environment
  - GoogleUtilities/Network (7.11.1):
    - GoogleUtilities/Logger
    - "GoogleUtilities/NSData+zlib"
    - GoogleUtilities/Reachability
  - "GoogleUtilities/NSData+zlib (7.11.1)"
  - GoogleUtilities/Reachability (7.11.1):
    - GoogleUtilities/Logger
  - GTMSessionFetcher/Core (3.1.1)
  - nanopb (2.30909.0):
    - nanopb/decode (= 2.30909.0)
    - nanopb/encode (= 2.30909.0)
  - nanopb/decode (2.30909.0)
  - nanopb/encode (2.30909.0)
  - PromisesObjC (2.2.0)

DEPENDENCIES:
  - cloud_firestore (from `Flutter/ephemeral/.symlinks/plugins/cloud_firestore/macos`)
  - desktop_webview_auth (from `Flutter/ephemeral/.symlinks/plugins/desktop_webview_auth/macos`)
  - firebase_auth (from `Flutter/ephemeral/.symlinks/plugins/firebase_auth/macos`)
  - firebase_core (from `Flutter/ephemeral/.symlinks/plugins/firebase_core/macos`)
  - FirebaseFirestore (from `https://github.com/invertase/firestore-ios-sdk-frameworks.git`, tag `10.9.0`)
  - FlutterMacOS (from `Flutter/ephemeral`)

SPEC REPOS:
  trunk:
    - Firebase
    - FirebaseAppCheckInterop
    - FirebaseAuth
    - FirebaseCore
    - FirebaseCoreInternal
    - GoogleUtilities
    - GTMSessionFetcher
    - nanopb
    - PromisesObjC

EXTERNAL SOURCES:
  cloud_firestore:
    :path: Flutter/ephemeral/.symlinks/plugins/cloud_firestore/macos
  desktop_webview_auth:
    :path: Flutter/ephemeral/.symlinks/plugins/desktop_webview_auth/macos
  firebase_auth:
    :path: Flutter/ephemeral/.symlinks/plugins/firebase_auth/macos
  firebase_core:
    :path: Flutter/ephemeral/.symlinks/plugins/firebase_core/macos
  FirebaseFirestore:
    :git: https://github.com/invertase/firestore-ios-sdk-frameworks.git
    :tag: 10.9.0
  FlutterMacOS:
    :path: Flutter/ephemeral

CHECKOUT OPTIONS:
  FirebaseFirestore:
    :git: https://github.com/invertase/firestore-ios-sdk-frameworks.git
    :tag: 10.9.0

SPEC CHECKSUMS:
  cloud_firestore: b0993cb852e4da90c4297bcedac4b931e72847f5
  desktop_webview_auth: 9bba53a29c9bc6a4ff621fd0ebfbb18856c4dada
  Firebase: bd152f0f3d278c4060c5c71359db08ebcfd5a3e2
  firebase_auth: 6fc0967d98c2ff489d3e2977c9e9f52a5b69eb22
  firebase_core: feb9ea6e23cfb6d4961cd2abeec1b79b47790b8d
  FirebaseAppCheckInterop: e69dde5cd51b88ee1b4339d6766b691272256f9b
  FirebaseAuth: 21d5e902fcea44d0d961540fc4742966ae6118cc
  FirebaseCore: b68d3616526ec02e4d155166bbafb8eca64af557
  FirebaseCoreInternal: d2b4acb827908e72eca47a9fd896767c3053921e
  FirebaseFirestore: bfafc0d3ecf3e9f1a706c4a3fa1567c09d9f83fd
  FlutterMacOS: 8f6f14fa908a6fb3fba0cd85dbd81ec4b251fb24
  GoogleUtilities: 9aa0ad5a7bc171f8bae016300bfcfa3fb8425749
  GTMSessionFetcher: e8647203b65cee28c5f73d0f473d096653945e72
  nanopb: b552cce312b6c8484180ef47159bc0f65a1f0431
  PromisesObjC: 09985d6d70fbe7878040aa746d78236e6946d2ef

PODFILE CHECKSUM: 29fb6ee7cee70a1d6a73c9cc7ba31aad0e739fd8

COCOAPODS: 1.11.3
